{
  "name": "mem-client-generated",
  "version": "0.0.1",
  "lockfileVersion": 1,
  "requires": true,
  "dependencies": {
    "@angular/common": {
      "version": "4.4.6",
      "resolved": "https://artifact.swissre.com/api/npm/npm/@angular/common/-/common-4.4.6.tgz",
      "integrity": "sha1-S4FCByTggooOg5uVpV6xp+g5GPI=",
      "dev": true,
      "requires": {
        "tslib": "1.8.0"
      }
    },
    "@angular/compiler": {
      "version": "4.4.6",
      "resolved": "https://artifact.swissre.com/api/npm/npm/@angular/compiler/-/compiler-4.4.6.tgz",
      "integrity": "sha1-LuH68lt1fh0SiXkHS+f65SmzvCA=",
      "dev": true,
      "requires": {
        "tslib": "1.8.0"
      }
    },
    "@angular/core": {
      "version": "4.4.6",
      "resolved": "https://artifact.swissre.com/api/npm/npm/@angular/core/-/core-4.4.6.tgz",
      "integrity": "sha1-EwMf0Q3P5DiHVBmzjyESCVi8I1Q=",
      "dev": true,
      "requires": {
        "tslib": "1.8.0"
      }
    },
    "@angular/http": {
      "version": "4.4.6",
      "resolved": "https://artifact.swissre.com/api/npm/npm/@angular/http/-/http-4.4.6.tgz",
      "integrity": "sha1-CvaAxnEL3AJtlA4iXP0PalwAXQw=",
      "dev": true,
      "requires": {
        "tslib": "1.8.0"
      }
    },
    "@angular/platform-browser": {
      "version": "4.4.6",
      "resolved": "https://artifact.swissre.com/api/npm/npm/@angular/platform-browser/-/platform-browser-4.4.6.tgz",
      "integrity": "sha1-qYOcVH4bZU+h0kqJeAyLpquNzOA=",
      "dev": true,
      "requires": {
        "tslib": "1.8.0"
      }
    },
    "reflect-metadata": {
      "version": "0.1.10",
      "resolved": "https://artifact.swissre.com/api/npm/npm/reflect-metadata/-/reflect-metadata-0.1.10.tgz",
      "integrity": "sha1-tPg3BEFqytiZiMmxVjXUfgO5NEo=",
      "dev": true
    },
    "rxjs": {
      "version": "5.5.2",
      "resolved": "https://artifact.swissre.com/api/npm/npm/rxjs/-/rxjs-5.5.2.tgz",
      "integrity": "sha1-KNQD8AcRIZZ/GK1mVWMlXVQjasM=",
      "dev": true,
      "requires": {
        "symbol-observable": "1.0.4"
      }
    },
    "symbol-observable": {
      "version": "1.0.4",
      "resolved": "https://artifact.swissre.com/api/npm/npm/symbol-observable/-/symbol-observable-1.0.4.tgz",
      "integrity": "sha1-Kb9hXUqnEhvdiYsi1LP5vE4qoD0=",
      "dev": true
    },
    "tslib": {
      "version": "1.8.0",
      "resolved": "https://artifact.swissre.com/api/npm/npm/tslib/-/tslib-1.8.0.tgz",
      "integrity": "sha1-3GBOutZLy/aW1hPabJVKoOfqHrY=",
      "dev": true
    },
    "typescript": {
      "version": "2.6.1",
      "resolved": "https://artifact.swissre.com/api/npm/npm/typescript/-/typescript-2.6.1.tgz",
      "integrity": "sha1-7znN6ierrAtQAkLWcmq5DgyEZjE=",
      "dev": true
    },
    "zone.js": {
      "version": "0.7.8",
      "resolved": "https://artifact.swissre.com/api/npm/npm/zone.js/-/zone.js-0.7.8.tgz",
      "integrity": "sha1-Tz/og01EWX8mOQU6D6Q43zT//e0=",
      "dev": true
    }
  }
}
